
Microsoft Visual Studio Solution File, Format Version 12.00
# Visual Studio Version 17
VisualStudioVersion = 17.9.34622.214
MinimumVisualStudioVersion = 10.0.40219.1
Project("{FAE04EC0-301F-11D3-BF4B-00C04F79EFBC}") = "WebApplicatioAHH1", "WebApplicatioAHH1\WebApplicatioAHH1.csproj", "{3D5F5C49-D0A6-452C-ADDA-E65F121A2BE4}"
EndProject
Global
	GlobalSection(SolutionConfigurationPlatforms) = preSolution
		Debug|Any CPU = Debug|Any CPU
		Release|Any CPU = Release|Any CPU
	EndGlobalSection
	GlobalSection(ProjectConfigurationPlatforms) = postSolution
		{3D5F5C49-D0A6-452C-ADDA-E65F121A2BE4}.Debug|Any CPU.ActiveCfg = Debug|Any CPU
		{3D5F5C49-D0A6-452C-ADDA-E65F121A2BE4}.Debug|Any CPU.Build.0 = Debug|Any CPU
		{3D5F5C49-D0A6-452C-ADDA-E65F121A2BE4}.Release|Any CPU.ActiveCfg = Release|Any CPU
		{3D5F5C49-D0A6-452C-ADDA-E65F121A2BE4}.Release|Any CPU.Build.0 = Release|Any CPU
	EndGlobalSection
	GlobalSection(SolutionProperties) = preSolution
		HideSolutionNode = FALSE
	EndGlobalSection
	GlobalSection(ExtensibilityGlobals) = postSolution
		SolutionGuid = {6CB5FBDF-7D9F-49AA-9683-0030269A0720}
	EndGlobalSection
EndGlobal
